
Microsoft Visual Studio Solution File, Format Version 12.00
# Visual Studio 15
VisualStudioVersion = 15.0.27703.2035
MinimumVisualStudioVersion = 10.0.40219.1
Project("{9A19103F-16F7-4668-BE54-9A1E7A4F7556}") = "MurdochFestival", "MurdochFestival\MurdochFestival.csproj", "{0FAFA631-BDFA-4A8F-A56A-195A7A422839}"
EndProject
Global
	GlobalSection(SolutionConfigurationPlatforms) = preSolution
		Debug|Any CPU = Debug|Any CPU
		Release|Any CPU = Release|Any CPU
		Staging|Any CPU = Staging|Any CPU
	EndGlobalSection
	GlobalSection(ProjectConfigurationPlatforms) = postSolution
		{0FAFA631-BDFA-4A8F-A56A-195A7A422839}.Debug|Any CPU.ActiveCfg = Debug|Any CPU
		{0FAFA631-BDFA-4A8F-A56A-195A7A422839}.Debug|Any CPU.Build.0 = Debug|Any CPU
		{0FAFA631-BDFA-4A8F-A56A-195A7A422839}.Release|Any CPU.ActiveCfg = Release|Any CPU
		{0FAFA631-BDFA-4A8F-A56A-195A7A422839}.Release|Any CPU.Build.0 = Release|Any CPU
		{0FAFA631-BDFA-4A8F-A56A-195A7A422839}.Staging|Any CPU.ActiveCfg = Staging|Any CPU
		{0FAFA631-BDFA-4A8F-A56A-195A7A422839}.Staging|Any CPU.Build.0 = Staging|Any CPU
	EndGlobalSection
	GlobalSection(SolutionProperties) = preSolution
		HideSolutionNode = FALSE
	EndGlobalSection
	GlobalSection(ExtensibilityGlobals) = postSolution
		SolutionGuid = {BE363BA3-2A4E-4DB0-955B-CC776BD43F22}
	EndGlobalSection
EndGlobal
